
Microsoft Visual Studio Solution File, Format Version 12.00
# Visual Studio Version 17
VisualStudioVersion = 17.2.32616.157
MinimumVisualStudioVersion = 10.0.40219.1
Project("{FAE04EC0-301F-11D3-BF4B-00C04F79EFBC}") = "Intro", "Intro\Intro.csproj", "{29351EC9-7F0D-4F23-9E1C-995CA2D5CA2F}"
EndProject
Project("{FAE04EC0-301F-11D3-BF4B-00C04F79EFBC}") = "LinkedLists", "LinkedLists\LinkedLists.csproj", "{A7C6917F-A566-4259-ABF5-E2D960EB9F51}"
EndProject
Global
	GlobalSection(SolutionConfigurationPlatforms) = preSolution
		Debug|Any CPU = Debug|Any CPU
		Release|Any CPU = Release|Any CPU
	EndGlobalSection
	GlobalSection(ProjectConfigurationPlatforms) = postSolution
		{29351EC9-7F0D-4F23-9E1C-995CA2D5CA2F}.Debug|Any CPU.ActiveCfg = Debug|Any CPU
		{29351EC9-7F0D-4F23-9E1C-995CA2D5CA2F}.Debug|Any CPU.Build.0 = Debug|Any CPU
		{29351EC9-7F0D-4F23-9E1C-995CA2D5CA2F}.Release|Any CPU.ActiveCfg = Release|Any CPU
		{29351EC9-7F0D-4F23-9E1C-995CA2D5CA2F}.Release|Any CPU.Build.0 = Release|Any CPU
		{A7C6917F-A566-4259-ABF5-E2D960EB9F51}.Debug|Any CPU.ActiveCfg = Debug|Any CPU
		{A7C6917F-A566-4259-ABF5-E2D960EB9F51}.Debug|Any CPU.Build.0 = Debug|Any CPU
		{A7C6917F-A566-4259-ABF5-E2D960EB9F51}.Release|Any CPU.ActiveCfg = Release|Any CPU
		{A7C6917F-A566-4259-ABF5-E2D960EB9F51}.Release|Any CPU.Build.0 = Release|Any CPU
	EndGlobalSection
	GlobalSection(SolutionProperties) = preSolution
		HideSolutionNode = FALSE
	EndGlobalSection
	GlobalSection(ExtensibilityGlobals) = postSolution
		SolutionGuid = {539CDBFA-6079-491D-B994-890A72ACE97E}
	EndGlobalSection
EndGlobal
